{
  "name": "whim",
  "version": "1.0.0",
  "lockfileVersion": 3,
  "requires": true,
  "packages": {
    "": {
      "name": "whim",
      "version": "1.0.0",
      "workspaces": [
        "packages/reference-webhook"
      ]
    },
    "node_modules/@whim/reference-webhook": {
      "resolved": "packages/reference-webhook",
      "link": true
    },
    "packages/reference-webhook": {
      "name": "@whim/reference-webhook",
      "version": "1.0.0",
      "engines": {
        "node": ">=24"
      }
    }
  }
}
