// !$*UTF8*$!
{
	archiveVersion = 1;
	classes = {
	};
	objectVersion = 60;
	objects = {

/* Begin PBXBuildFile section */
		0249F4FF23C64A0882023702 /* Whim.icon in Resources */ = {isa = PBXBuildFile; fileRef = CFCECEE5603641C88B455648 /* Whim.icon */; };
		102435994F6E0B45FA0BACB4 /* Foundation.framework in Frameworks */ = {isa = PBXBuildFile; fileRef = D0C8B5D89E20835047FFBE77 /* Foundation.framework */; };
		1094FF3AD4099062FB4B70A6 /* IPhoneRootView.swift in Sources */ = {isa = PBXBuildFile; fileRef = B1E110DAC34F09627A6A0BD4 /* IPhoneRootView.swift */; };
		13B07FBF1A68108700A75B9A /* Images.xcassets in Resources */ = {isa = PBXBuildFile; fileRef = 13B07FB51A68108700A75B9A /* Images.xcassets */; };
		1E88AE0AB710B7916355ACA0 /* WhimCore in Frameworks */ = {isa = PBXBuildFile; productRef = 7D6ECB88619BE4362A0E9A7D /* WhimCore */; };
		2574706D69D106062F52CD74 /* WebhookConfigurationView.swift in Sources */ = {isa = PBXBuildFile; fileRef = 76C7E3809D0F888040984D00 /* WebhookConfigurationView.swift */; };
		28DBD2344AC58DE887A9941A /* WatchNoteDetailView.swift in Sources */ = {isa = PBXBuildFile; fileRef = 67F30D8BD15651BCD2AB7CC7 /* WatchNoteDetailView.swift */; };
		392128B60BAC7DB5DF56E75C /* PrivacyInfo.xcprivacy in Resources */ = {isa = PBXBuildFile; fileRef = 7F011AC3443B58190BBE7148 /* PrivacyInfo.xcprivacy */; };
		3E461D99554A48A4959DE609 /* SplashScreen.storyboard in Resources */ = {isa = PBXBuildFile; fileRef = AA286B85B6C04FC6940260E9 /* SplashScreen.storyboard */; };
		42409ABDD4FB88EB12E160FC /* WatchNotes.e2e.test.swift in Sources */ = {isa = PBXBuildFile; fileRef = 65987B0982A27F5BB971B6BB /* WatchNotes.e2e.test.swift */; };
		4B3409C958A5FAE62C7D2E80 /* WhimWatch.app in Embed Watch Content */ = {isa = PBXBuildFile; fileRef = 3F96D612B2FFFCD253898A9D /* WhimWatch.app */; };
		50BA8F2E594DF44030E28FD8 /* WatchRootView.swift in Sources */ = {isa = PBXBuildFile; fileRef = 22BC5C9E162FE46AE50584F2 /* WatchRootView.swift */; };
		5D43B17D9A1B7B49AC1350F2 /* WhimCore in Frameworks */ = {isa = PBXBuildFile; productRef = 4195615737AD9D45A625BE4C /* WhimCore */; };
		5FE79E1CF503206737E61500 /* WebhookStatusView.swift in Sources */ = {isa = PBXBuildFile; fileRef = EEC421C66148951ED2AA1210 /* WebhookStatusView.swift */; };
		68346E1FA2FB63C777980259 /* ConfirmationView.swift in Sources */ = {isa = PBXBuildFile; fileRef = 45C688B501F4CB5B9425A8C1 /* ConfirmationView.swift */; };
		7287EE1D8717934E2C1644B3 /* WhimIPhone in Frameworks */ = {isa = PBXBuildFile; productRef = 6FBE938CC68C61BFEEB4612F /* WhimIPhone */; };
		7B0E9E1DC4E5E3B5AC5ABFFF /* PreferencesView.swift in Sources */ = {isa = PBXBuildFile; fileRef = 6A1CDDBAF66816C5DAAFC820 /* PreferencesView.swift */; };
		7C2CB3AD0710341B81E8888A /* WatchSynchronization.e2e.test.swift in Sources */ = {isa = PBXBuildFile; fileRef = A1FA5749C9ACB17F7018CAEA /* WatchSynchronization.e2e.test.swift */; };
		882932C7A98CC539F2A0745B /* WhimIPhoneApp.swift in Sources */ = {isa = PBXBuildFile; fileRef = A8FF888F0042FF03E1356ED8 /* WhimIPhoneApp.swift */; };
		8DCAF171AA58F288A1813403 /* WhimWatchApp.swift in Sources */ = {isa = PBXBuildFile; fileRef = 5A9899D0BE753D357DD7EEF2 /* WhimWatchApp.swift */; };
		9144FBCC0CC98B91C62F1196 /* WhimWatch.e2e.test.swift in Sources */ = {isa = PBXBuildFile; fileRef = 6C2EB6FC55DB3C583A6CC5AC /* WhimWatch.e2e.test.swift */; };
		95C4B3C9893B94F3E89A60E3 /* WatchModel.swift in Sources */ = {isa = PBXBuildFile; fileRef = 1B9DDE60C0FA48914C6712F4 /* WatchModel.swift */; };
		9F308020B90AD2C552B23AC7 /* RecorderView.swift in Sources */ = {isa = PBXBuildFile; fileRef = DEDEF9C85F66FB3DF846C8E3 /* RecorderView.swift */; };
		A623DF4AFCE23A167DC3CBE9 /* PrivacyInfo.xcprivacy in Resources */ = {isa = PBXBuildFile; fileRef = 7F011AC3443B58190BBE7148 /* PrivacyInfo.xcprivacy */; };
		A7AF39ADD9FD06BDF0574FFE /* TimelineView.swift in Sources */ = {isa = PBXBuildFile; fileRef = AC8E0ADE9AD583BCE52324DF /* TimelineView.swift */; };
		BD2C55741E6E7233E8612FF8 /* Foundation.framework in Frameworks */ = {isa = PBXBuildFile; fileRef = D0C8B5D89E20835047FFBE77 /* Foundation.framework */; };
		C2A3858E4B423C484DA4BA43 /* Foundation.framework in Frameworks */ = {isa = PBXBuildFile; fileRef = D0C8B5D89E20835047FFBE77 /* Foundation.framework */; };
		C8D14ACEB565F5B1E9C281AD /* WatchRecording.e2e.test.swift in Sources */ = {isa = PBXBuildFile; fileRef = 82B454A5FE3E0B5DEFB31BC7 /* WatchRecording.e2e.test.swift */; };
		D3C39AABC75E309CC9E38582 /* NoteDetailView.swift in Sources */ = {isa = PBXBuildFile; fileRef = DF8D05853159E384FB0DF192 /* NoteDetailView.swift */; };
		E3E3240E8E7EBAAA02409C6A /* OnboardingView.swift in Sources */ = {isa = PBXBuildFile; fileRef = CD88C1F69C08C67C67A5066D /* OnboardingView.swift */; };
		E58D1D7CB60AB524C4CB6184 /* WatchRecorderView.swift in Sources */ = {isa = PBXBuildFile; fileRef = 3A0B619E3D9E321A72011895 /* WatchRecorderView.swift */; };
		F60B53E4DEDAF6369B054FA0 /* WatchModel.integration.test.swift in Sources */ = {isa = PBXBuildFile; fileRef = D09DBA4E14CC7C8D84866439 /* WatchModel.integration.test.swift */; };
		FA6DC53F3B9EC6C2996C8B08 /* IPhoneTheme.swift in Sources */ = {isa = PBXBuildFile; fileRef = C5F7837CBE3B90D65AFA04F5 /* IPhoneTheme.swift */; };
		FB441EFCAA789DF2C09691F6 /* NoteRowView.swift in Sources */ = {isa = PBXBuildFile; fileRef = 937FF0FBB2E36229CE84E33C /* NoteRowView.swift */; };
		FD9CB3518EB97FFF3449648B /* WatchRecentNotesView.swift in Sources */ = {isa = PBXBuildFile; fileRef = AD2493D9C58BA3F4C76E95EA /* WatchRecentNotesView.swift */; };
/* End PBXBuildFile section */

/* Begin PBXContainerItemProxy section */
		4FEF236CB97EE1857F12FED4 /* PBXContainerItemProxy */ = {
			isa = PBXContainerItemProxy;
			containerPortal = 83CBB9F71A601CBA00E9B192 /* Project object */;
			proxyType = 1;
			remoteGlobalIDString = 6FE2CA72B8CB7CEE6161295C;
			remoteInfo = WhimWatch;
		};
		7EEF325B37FCB27BE2559E12 /* PBXContainerItemProxy */ = {
			isa = PBXContainerItemProxy;
			containerPortal = 83CBB9F71A601CBA00E9B192 /* Project object */;
			proxyType = 1;
			remoteGlobalIDString = 6FE2CA72B8CB7CEE6161295C;
			remoteInfo = WhimWatch;
		};
		B8961DBF07BCD4A33E98C5B0 /* PBXContainerItemProxy */ = {
			isa = PBXContainerItemProxy;
			containerPortal = 83CBB9F71A601CBA00E9B192 /* Project object */;
			proxyType = 1;
			remoteGlobalIDString = 6FE2CA72B8CB7CEE6161295C;
			remoteInfo = WhimWatch;
		};
/* End PBXContainerItemProxy section */

/* Begin PBXCopyFilesBuildPhase section */
		EEF41F339E101AE078C38A71 /* Embed Watch Content */ = {
			isa = PBXCopyFilesBuildPhase;
			buildActionMask = 2147483647;
			dstPath = "$(CONTENTS_FOLDER_PATH)/Watch";
			dstSubfolderSpec = 16;
			files = (
				4B3409C958A5FAE62C7D2E80 /* WhimWatch.app in Embed Watch Content */,
			);
			name = "Embed Watch Content";
			runOnlyForDeploymentPostprocessing = 0;
		};
/* End PBXCopyFilesBuildPhase section */

/* Begin PBXFileReference section */
		13B07F961A680F5B00A75B9A /* whim.app */ = {isa = PBXFileReference; explicitFileType = wrapper.application; includeInIndex = 0; path = whim.app; sourceTree = BUILT_PRODUCTS_DIR; };
		13B07FB51A68108700A75B9A /* Images.xcassets */ = {isa = PBXFileReference; lastKnownFileType = folder.assetcatalog; name = Images.xcassets; path = whim/Images.xcassets; sourceTree = "<group>"; };
		13B07FB61A68108700A75B9A /* Info.plist */ = {isa = PBXFileReference; fileEncoding = 4; lastKnownFileType = text.plist.xml; name = Info.plist; path = whim/Info.plist; sourceTree = "<group>"; };
		1B9DDE60C0FA48914C6712F4 /* WatchModel.swift */ = {isa = PBXFileReference; includeInIndex = 1; lastKnownFileType = sourcecode.swift; name = WatchModel.swift; path = ../src/watch/recording/WatchModel.swift; sourceTree = "<group>"; };
		22BC5C9E162FE46AE50584F2 /* WatchRootView.swift */ = {isa = PBXFileReference; includeInIndex = 1; lastKnownFileType = sourcecode.swift; name = WatchRootView.swift; path = "../src/watch/app-composition/WatchRootView.swift"; sourceTree = "<group>"; };
		2D27DACA317E711E2F456A55 /* WhimWatchTests.xctest */ = {isa = PBXFileReference; explicitFileType = wrapper.cfbundle; includeInIndex = 0; path = WhimWatchTests.xctest; sourceTree = BUILT_PRODUCTS_DIR; };
		3438C25B567CFE258BDD9A0A /* WhimWatchUITests.xctest */ = {isa = PBXFileReference; explicitFileType = wrapper.cfbundle; includeInIndex = 0; path = WhimWatchUITests.xctest; sourceTree = BUILT_PRODUCTS_DIR; };
		3A0B619E3D9E321A72011895 /* WatchRecorderView.swift */ = {isa = PBXFileReference; includeInIndex = 1; lastKnownFileType = sourcecode.swift; name = WatchRecorderView.swift; path = ../src/watch/recording/WatchRecorderView.swift; sourceTree = "<group>"; };
		3F96D612B2FFFCD253898A9D /* WhimWatch.app */ = {isa = PBXFileReference; explicitFileType = wrapper.application; includeInIndex = 0; path = WhimWatch.app; sourceTree = BUILT_PRODUCTS_DIR; };
		45C688B501F4CB5B9425A8C1 /* ConfirmationView.swift */ = {isa = PBXFileReference; includeInIndex = 1; lastKnownFileType = sourcecode.swift; name = ConfirmationView.swift; path = "../src/iphone/destructive-actions/ConfirmationView.swift"; sourceTree = "<group>"; };
		5A9899D0BE753D357DD7EEF2 /* WhimWatchApp.swift */ = {isa = PBXFileReference; includeInIndex = 1; lastKnownFileType = sourcecode.swift; name = WhimWatchApp.swift; path = "../src/watch/app-composition/WhimWatchApp.swift"; sourceTree = "<group>"; };
		65987B0982A27F5BB971B6BB /* WatchNotes.e2e.test.swift */ = {isa = PBXFileReference; includeInIndex = 1; lastKnownFileType = sourcecode.swift; name = WatchNotes.e2e.test.swift; path = ../e2e/watch/WatchNotes.e2e.test.swift; sourceTree = "<group>"; };
		67F30D8BD15651BCD2AB7CC7 /* WatchNoteDetailView.swift */ = {isa = PBXFileReference; includeInIndex = 1; lastKnownFileType = sourcecode.swift; name = WatchNoteDetailView.swift; path = "../src/watch/recent-notes/WatchNoteDetailView.swift"; sourceTree = "<group>"; };
		6A1CDDBAF66816C5DAAFC820 /* PreferencesView.swift */ = {isa = PBXFileReference; includeInIndex = 1; lastKnownFileType = sourcecode.swift; name = PreferencesView.swift; path = ../src/iphone/preferences/PreferencesView.swift; sourceTree = "<group>"; };
		6C2EB6FC55DB3C583A6CC5AC /* WhimWatch.e2e.test.swift */ = {isa = PBXFileReference; includeInIndex = 1; lastKnownFileType = sourcecode.swift; name = WhimWatch.e2e.test.swift; path = ../e2e/watch/WhimWatch.e2e.test.swift; sourceTree = "<group>"; };
		76C7E3809D0F888040984D00 /* WebhookConfigurationView.swift */ = {isa = PBXFileReference; includeInIndex = 1; lastKnownFileType = sourcecode.swift; name = WebhookConfigurationView.swift; path = "../src/iphone/webhook-configuration/WebhookConfigurationView.swift"; sourceTree = "<group>"; };
		7F011AC3443B58190BBE7148 /* PrivacyInfo.xcprivacy */ = {isa = PBXFileReference; includeInIndex = 1; lastKnownFileType = text.xml; name = PrivacyInfo.xcprivacy; path = whim/PrivacyInfo.xcprivacy; sourceTree = "<group>"; };
		82B454A5FE3E0B5DEFB31BC7 /* WatchRecording.e2e.test.swift */ = {isa = PBXFileReference; includeInIndex = 1; lastKnownFileType = sourcecode.swift; name = WatchRecording.e2e.test.swift; path = ../e2e/watch/WatchRecording.e2e.test.swift; sourceTree = "<group>"; };
		937FF0FBB2E36229CE84E33C /* NoteRowView.swift */ = {isa = PBXFileReference; includeInIndex = 1; lastKnownFileType = sourcecode.swift; name = NoteRowView.swift; path = ../src/iphone/timeline/NoteRowView.swift; sourceTree = "<group>"; };
		A1FA5749C9ACB17F7018CAEA /* WatchSynchronization.e2e.test.swift */ = {isa = PBXFileReference; includeInIndex = 1; lastKnownFileType = sourcecode.swift; name = WatchSynchronization.e2e.test.swift; path = "../e2e/cross-device/WatchSynchronization.e2e.test.swift"; sourceTree = "<group>"; };
		A8FF888F0042FF03E1356ED8 /* WhimIPhoneApp.swift */ = {isa = PBXFileReference; includeInIndex = 1; lastKnownFileType = sourcecode.swift; name = WhimIPhoneApp.swift; path = "../src/iphone/app-composition/WhimIPhoneApp.swift"; sourceTree = "<group>"; };
		AA286B85B6C04FC6940260E9 /* SplashScreen.storyboard */ = {isa = PBXFileReference; fileEncoding = 4; lastKnownFileType = file.storyboard; name = SplashScreen.storyboard; path = whim/SplashScreen.storyboard; sourceTree = "<group>"; };
		AC8E0ADE9AD583BCE52324DF /* TimelineView.swift */ = {isa = PBXFileReference; includeInIndex = 1; lastKnownFileType = sourcecode.swift; name = TimelineView.swift; path = ../src/iphone/timeline/TimelineView.swift; sourceTree = "<group>"; };
		AD2493D9C58BA3F4C76E95EA /* WatchRecentNotesView.swift */ = {isa = PBXFileReference; includeInIndex = 1; lastKnownFileType = sourcecode.swift; name = WatchRecentNotesView.swift; path = "../src/watch/recent-notes/WatchRecentNotesView.swift"; sourceTree = "<group>"; };
		B1E110DAC34F09627A6A0BD4 /* IPhoneRootView.swift */ = {isa = PBXFileReference; includeInIndex = 1; lastKnownFileType = sourcecode.swift; name = IPhoneRootView.swift; path = "../src/iphone/app-composition/IPhoneRootView.swift"; sourceTree = "<group>"; };
		B29F0A6D2FC9CA179CAE36B5 /* Foundation.framework */ = {isa = PBXFileReference; lastKnownFileType = wrapper.framework; name = Foundation.framework; path = Platforms/iPhoneOS.platform/Developer/SDKs/iPhoneOS18.0.sdk/System/Library/Frameworks/Foundation.framework; sourceTree = DEVELOPER_DIR; };
		C5F7837CBE3B90D65AFA04F5 /* IPhoneTheme.swift */ = {isa = PBXFileReference; includeInIndex = 1; lastKnownFileType = sourcecode.swift; name = IPhoneTheme.swift; path = ../src/iphone/appearance/IPhoneTheme.swift; sourceTree = "<group>"; };
		CD88C1F69C08C67C67A5066D /* OnboardingView.swift */ = {isa = PBXFileReference; includeInIndex = 1; lastKnownFileType = sourcecode.swift; name = OnboardingView.swift; path = ../src/iphone/onboarding/OnboardingView.swift; sourceTree = "<group>"; };
		CFCECEE5603641C88B455648 /* Whim.icon */ = {isa = PBXFileReference; explicitFileType = undefined; fileEncoding = 506747931833; includeInIndex = 0; lastKnownFileType = unknown; name = Whim.icon; path = whim/Whim.icon; sourceTree = "<group>"; };
		D09DBA4E14CC7C8D84866439 /* WatchModel.integration.test.swift */ = {isa = PBXFileReference; includeInIndex = 1; lastKnownFileType = sourcecode.swift; name = WatchModel.integration.test.swift; path = ../src/watch/recording/WatchModel.integration.test.swift; sourceTree = "<group>"; };
		D0C8B5D89E20835047FFBE77 /* Foundation.framework */ = {isa = PBXFileReference; lastKnownFileType = wrapper.framework; name = Foundation.framework; path = Platforms/WatchOS.platform/Developer/SDKs/WatchOS11.0.sdk/System/Library/Frameworks/Foundation.framework; sourceTree = DEVELOPER_DIR; };
		D6B90A12D30B7BE2D6B31945 /* WhimBridgeIntegrationTests.xctest */ = {isa = PBXFileReference; explicitFileType = wrapper.cfbundle; includeInIndex = 0; path = WhimBridgeIntegrationTests.xctest; sourceTree = BUILT_PRODUCTS_DIR; };
		DEDEF9C85F66FB3DF846C8E3 /* RecorderView.swift */ = {isa = PBXFileReference; includeInIndex = 1; lastKnownFileType = sourcecode.swift; name = RecorderView.swift; path = ../src/iphone/recording/RecorderView.swift; sourceTree = "<group>"; };
		DF8D05853159E384FB0DF192 /* NoteDetailView.swift */ = {isa = PBXFileReference; includeInIndex = 1; lastKnownFileType = sourcecode.swift; name = NoteDetailView.swift; path = "../src/iphone/note-detail/NoteDetailView.swift"; sourceTree = "<group>"; };
		ED297162215061F000B7C4FE /* JavaScriptCore.framework */ = {isa = PBXFileReference; lastKnownFileType = wrapper.framework; name = JavaScriptCore.framework; path = System/Library/Frameworks/JavaScriptCore.framework; sourceTree = SDKROOT; };
		EEC421C66148951ED2AA1210 /* WebhookStatusView.swift */ = {isa = PBXFileReference; includeInIndex = 1; lastKnownFileType = sourcecode.swift; name = WebhookStatusView.swift; path = "../src/watch/webhook-status/WebhookStatusView.swift"; sourceTree = "<group>"; };
/* End PBXFileReference section */

/* Begin PBXFrameworksBuildPhase section */
		03844BBC03935A0891DB05C5 /* Frameworks */ = {
			isa = PBXFrameworksBuildPhase;
			buildActionMask = 2147483647;
			files = (
				C2A3858E4B423C484DA4BA43 /* Foundation.framework in Frameworks */,
			);
			runOnlyForDeploymentPostprocessing = 0;
		};
		13B07F8C1A680F5B00A75B9A /* Frameworks */ = {
			isa = PBXFrameworksBuildPhase;
			buildActionMask = 2147483647;
			files = (
				5D43B17D9A1B7B49AC1350F2 /* WhimCore in Frameworks */,
				7287EE1D8717934E2C1644B3 /* WhimIPhone in Frameworks */,
			);
			runOnlyForDeploymentPostprocessing = 0;
		};
		61F59DBAAD4C38FEBD4977EA /* Frameworks */ = {
			isa = PBXFrameworksBuildPhase;
			buildActionMask = 2147483647;
			files = (
				BD2C55741E6E7233E8612FF8 /* Foundation.framework in Frameworks */,
				1E88AE0AB710B7916355ACA0 /* WhimCore in Frameworks */,
			);
			runOnlyForDeploymentPostprocessing = 0;
		};
		AB8F42DAF8BA397E6D73775C /* Frameworks */ = {
			isa = PBXFrameworksBuildPhase;
			buildActionMask = 2147483647;
			files = (
				102435994F6E0B45FA0BACB4 /* Foundation.framework in Frameworks */,
			);
			runOnlyForDeploymentPostprocessing = 0;
		};
/* End PBXFrameworksBuildPhase section */

/* Begin PBXGroup section */
		13B07FAE1A68108700A75B9A /* whim */ = {
			isa = PBXGroup;
			children = (
				BB2F792B24A3F905000567C9 /* Supporting */,
				13B07FB51A68108700A75B9A /* Images.xcassets */,
				13B07FB61A68108700A75B9A /* Info.plist */,
				AA286B85B6C04FC6940260E9 /* SplashScreen.storyboard */,
				CFCECEE5603641C88B455648 /* Whim.icon */,
				7F011AC3443B58190BBE7148 /* PrivacyInfo.xcprivacy */,
			);
			name = whim;
			sourceTree = "<group>";
		};
		1BF21CDB5BDE7D2B1A215FE2 /* WhimIPhone */ = {
			isa = PBXGroup;
			children = (
				6A1CDDBAF66816C5DAAFC820 /* PreferencesView.swift */,
				B1E110DAC34F09627A6A0BD4 /* IPhoneRootView.swift */,
				A8FF888F0042FF03E1356ED8 /* WhimIPhoneApp.swift */,
				C5F7837CBE3B90D65AFA04F5 /* IPhoneTheme.swift */,
				DEDEF9C85F66FB3DF846C8E3 /* RecorderView.swift */,
				DF8D05853159E384FB0DF192 /* NoteDetailView.swift */,
				45C688B501F4CB5B9425A8C1 /* ConfirmationView.swift */,
				76C7E3809D0F888040984D00 /* WebhookConfigurationView.swift */,
				AC8E0ADE9AD583BCE52324DF /* TimelineView.swift */,
				937FF0FBB2E36229CE84E33C /* NoteRowView.swift */,
				CD88C1F69C08C67C67A5066D /* OnboardingView.swift */,
			);
			name = WhimIPhone;
			sourceTree = "<group>";
		};
		2D16E6871FA4F8E400B85C8A /* Frameworks */ = {
			isa = PBXGroup;
			children = (
				ED297162215061F000B7C4FE /* JavaScriptCore.framework */,
				BCD1B505977C0F6E4192DC7F /* watchOS */,
				44D1209E4307E06FE009220A /* iOS */,
			);
			name = Frameworks;
			sourceTree = "<group>";
		};
		44D1209E4307E06FE009220A /* iOS */ = {
			isa = PBXGroup;
			children = (
				B29F0A6D2FC9CA179CAE36B5 /* Foundation.framework */,
			);
			name = iOS;
			sourceTree = "<group>";
		};
		725157F415B915541DEC839F /* WhimWatch */ = {
			isa = PBXGroup;
			children = (
				5A9899D0BE753D357DD7EEF2 /* WhimWatchApp.swift */,
				6C2EB6FC55DB3C583A6CC5AC /* WhimWatch.e2e.test.swift */,
				82B454A5FE3E0B5DEFB31BC7 /* WatchRecording.e2e.test.swift */,
				D09DBA4E14CC7C8D84866439 /* WatchModel.integration.test.swift */,
				1B9DDE60C0FA48914C6712F4 /* WatchModel.swift */,
				22BC5C9E162FE46AE50584F2 /* WatchRootView.swift */,
				3A0B619E3D9E321A72011895 /* WatchRecorderView.swift */,
				AD2493D9C58BA3F4C76E95EA /* WatchRecentNotesView.swift */,
				67F30D8BD15651BCD2AB7CC7 /* WatchNoteDetailView.swift */,
				EEC421C66148951ED2AA1210 /* WebhookStatusView.swift */,
				65987B0982A27F5BB971B6BB /* WatchNotes.e2e.test.swift */,
				A1FA5749C9ACB17F7018CAEA /* WatchSynchronization.e2e.test.swift */,
			);
			name = WhimWatch;
			sourceTree = "<group>";
		};
		832341AE1AAA6A7D00B99B32 /* Libraries */ = {
			isa = PBXGroup;
			children = (
			);
			name = Libraries;
			sourceTree = "<group>";
		};
		83CBB9F61A601CBA00E9B192 = {
			isa = PBXGroup;
			children = (
				13B07FAE1A68108700A75B9A /* whim */,
				832341AE1AAA6A7D00B99B32 /* Libraries */,
				83CBBA001A601CBA00E9B192 /* Products */,
				2D16E6871FA4F8E400B85C8A /* Frameworks */,
				725157F415B915541DEC839F /* WhimWatch */,
				1BF21CDB5BDE7D2B1A215FE2 /* WhimIPhone */,
			);
			indentWidth = 2;
			sourceTree = "<group>";
			tabWidth = 2;
			usesTabs = 0;
		};
		83CBBA001A601CBA00E9B192 /* Products */ = {
			isa = PBXGroup;
			children = (
				13B07F961A680F5B00A75B9A /* whim.app */,
				3F96D612B2FFFCD253898A9D /* WhimWatch.app */,
				2D27DACA317E711E2F456A55 /* WhimWatchTests.xctest */,
				3438C25B567CFE258BDD9A0A /* WhimWatchUITests.xctest */,
				D6B90A12D30B7BE2D6B31945 /* WhimBridgeIntegrationTests.xctest */,
			);
			name = Products;
			sourceTree = "<group>";
		};
		BB2F792B24A3F905000567C9 /* Supporting */ = {
			isa = PBXGroup;
			children = (
			);
			name = Supporting;
			path = whim/Supporting;
			sourceTree = "<group>";
		};
		BCD1B505977C0F6E4192DC7F /* watchOS */ = {
			isa = PBXGroup;
			children = (
				D0C8B5D89E20835047FFBE77 /* Foundation.framework */,
			);
			name = watchOS;
			sourceTree = "<group>";
		};
/* End PBXGroup section */

/* Begin PBXNativeTarget section */
		13B07F861A680F5B00A75B9A /* whim */ = {
			isa = PBXNativeTarget;
			buildConfigurationList = 13B07F931A680F5B00A75B9A /* Build configuration list for PBXNativeTarget "whim" */;
			buildPhases = (
				13B07F871A680F5B00A75B9A /* Sources */,
				13B07F8C1A680F5B00A75B9A /* Frameworks */,
				13B07F8E1A680F5B00A75B9A /* Resources */,
				EEF41F339E101AE078C38A71 /* Embed Watch Content */,
			);
			buildRules = (
			);
			dependencies = (
				7570BFDEB492AD4AA3B5509A /* PBXTargetDependency */,
			);
			name = whim;
			packageProductDependencies = (
				4195615737AD9D45A625BE4C /* WhimCore */,
				6FBE938CC68C61BFEEB4612F /* WhimIPhone */,
			);
			productName = whim;
			productReference = 13B07F961A680F5B00A75B9A /* whim.app */;
			productType = "com.apple.product-type.application";
		};
		6FE2CA72B8CB7CEE6161295C /* WhimWatch */ = {
			isa = PBXNativeTarget;
			buildConfigurationList = AB8709E329149267D7C412BD /* Build configuration list for PBXNativeTarget "WhimWatch" */;
			buildPhases = (
				D75B59D4AE5C8A84C06106B1 /* Sources */,
				61F59DBAAD4C38FEBD4977EA /* Frameworks */,
				D1CA83300FC4895692928305 /* Resources */,
			);
			buildRules = (
			);
			dependencies = (
			);
			name = WhimWatch;
			packageProductDependencies = (
				7D6ECB88619BE4362A0E9A7D /* WhimCore */,
			);
			productName = WhimWatch;
			productReference = 3F96D612B2FFFCD253898A9D /* WhimWatch.app */;
			productType = "com.apple.product-type.application";
		};
		736D846F3B19EAACFF168742 /* WhimWatchUITests */ = {
			isa = PBXNativeTarget;
			buildConfigurationList = 26FF4F13DE05D8C8D1D50236 /* Build configuration list for PBXNativeTarget "WhimWatchUITests" */;
			buildPhases = (
				4EBE712A291F24831FFE8A45 /* Sources */,
				03844BBC03935A0891DB05C5 /* Frameworks */,
				CD80E7F1265F4905784EAE59 /* Resources */,
			);
			buildRules = (
			);
			dependencies = (
				17427957FD384EB84734B70A /* PBXTargetDependency */,
			);
			name = WhimWatchUITests;
			productName = WhimWatchUITests;
			productReference = 3438C25B567CFE258BDD9A0A /* WhimWatchUITests.xctest */;
			productType = "com.apple.product-type.bundle.ui-testing";
		};
		D84195C644A8A45F2CFB2287 /* WhimWatchTests */ = {
			isa = PBXNativeTarget;
			buildConfigurationList = 7993F06917633EF904DE2AC9 /* Build configuration list for PBXNativeTarget "WhimWatchTests" */;
			buildPhases = (
				ECC4F294DC4F7F5C2BF25DBC /* Sources */,
				AB8F42DAF8BA397E6D73775C /* Frameworks */,
				23BBF53B65B418299863BD80 /* Resources */,
			);
			buildRules = (
			);
			dependencies = (
				5FA97F3FF924DF021418D641 /* PBXTargetDependency */,
			);
			name = WhimWatchTests;
			productName = WhimWatchTests;
			productReference = 2D27DACA317E711E2F456A55 /* WhimWatchTests.xctest */;
			productType = "com.apple.product-type.bundle.unit-test";
		};
/* End PBXNativeTarget section */

/* Begin PBXProject section */
		83CBB9F71A601CBA00E9B192 /* Project object */ = {
			isa = PBXProject;
			attributes = {
				LastUpgradeCheck = 1130;
				TargetAttributes = {
					13B07F861A680F5B00A75B9A = {
						LastSwiftMigration = 1250;
					};
				};
			};
			buildConfigurationList = 83CBB9FA1A601CBA00E9B192 /* Build configuration list for PBXProject "whim" */;
			compatibilityVersion = "Xcode 3.2";
			developmentRegion = en;
			hasScannedForEncodings = 0;
			knownRegions = (
				en,
				Base,
			);
			mainGroup = 83CBB9F61A601CBA00E9B192;
			packageReferences = (
				B18728EED4585FB35DAD5404 /* XCLocalSwiftPackageReference "../packages/WhimCore" */,
				65E159F373B2B699E6843778 /* XCLocalSwiftPackageReference ".." */,
			);
			productRefGroup = 83CBBA001A601CBA00E9B192 /* Products */;
			projectDirPath = "";
			projectRoot = "";
			targets = (
				13B07F861A680F5B00A75B9A /* whim */,
				6FE2CA72B8CB7CEE6161295C /* WhimWatch */,
				D84195C644A8A45F2CFB2287 /* WhimWatchTests */,
				736D846F3B19EAACFF168742 /* WhimWatchUITests */,
			);
		};
/* End PBXProject section */

/* Begin PBXResourcesBuildPhase section */
		13B07F8E1A680F5B00A75B9A /* Resources */ = {
			isa = PBXResourcesBuildPhase;
			buildActionMask = 2147483647;
			files = (
				13B07FBF1A68108700A75B9A /* Images.xcassets in Resources */,
				3E461D99554A48A4959DE609 /* SplashScreen.storyboard in Resources */,
				0249F4FF23C64A0882023702 /* Whim.icon in Resources */,
				A623DF4AFCE23A167DC3CBE9 /* PrivacyInfo.xcprivacy in Resources */,
			);
			runOnlyForDeploymentPostprocessing = 0;
		};
		23BBF53B65B418299863BD80 /* Resources */ = {
			isa = PBXResourcesBuildPhase;
			buildActionMask = 2147483647;
			files = (
			);
			runOnlyForDeploymentPostprocessing = 0;
		};
		CD80E7F1265F4905784EAE59 /* Resources */ = {
			isa = PBXResourcesBuildPhase;
			buildActionMask = 2147483647;
			files = (
			);
			runOnlyForDeploymentPostprocessing = 0;
		};
		D1CA83300FC4895692928305 /* Resources */ = {
			isa = PBXResourcesBuildPhase;
			buildActionMask = 2147483647;
			files = (
				392128B60BAC7DB5DF56E75C /* PrivacyInfo.xcprivacy in Resources */,
			);
			runOnlyForDeploymentPostprocessing = 0;
		};
/* End PBXResourcesBuildPhase section */

/* Begin PBXSourcesBuildPhase section */
		13B07F871A680F5B00A75B9A /* Sources */ = {
			isa = PBXSourcesBuildPhase;
			buildActionMask = 2147483647;
			files = (
				7B0E9E1DC4E5E3B5AC5ABFFF /* PreferencesView.swift in Sources */,
				1094FF3AD4099062FB4B70A6 /* IPhoneRootView.swift in Sources */,
				882932C7A98CC539F2A0745B /* WhimIPhoneApp.swift in Sources */,
				FA6DC53F3B9EC6C2996C8B08 /* IPhoneTheme.swift in Sources */,
				9F308020B90AD2C552B23AC7 /* RecorderView.swift in Sources */,
				D3C39AABC75E309CC9E38582 /* NoteDetailView.swift in Sources */,
				68346E1FA2FB63C777980259 /* ConfirmationView.swift in Sources */,
				2574706D69D106062F52CD74 /* WebhookConfigurationView.swift in Sources */,
				A7AF39ADD9FD06BDF0574FFE /* TimelineView.swift in Sources */,
				FB441EFCAA789DF2C09691F6 /* NoteRowView.swift in Sources */,
				E3E3240E8E7EBAAA02409C6A /* OnboardingView.swift in Sources */,
			);
			runOnlyForDeploymentPostprocessing = 0;
		};
		4EBE712A291F24831FFE8A45 /* Sources */ = {
			isa = PBXSourcesBuildPhase;
			buildActionMask = 2147483647;
			files = (
				9144FBCC0CC98B91C62F1196 /* WhimWatch.e2e.test.swift in Sources */,
				C8D14ACEB565F5B1E9C281AD /* WatchRecording.e2e.test.swift in Sources */,
				42409ABDD4FB88EB12E160FC /* WatchNotes.e2e.test.swift in Sources */,
				7C2CB3AD0710341B81E8888A /* WatchSynchronization.e2e.test.swift in Sources */,
			);
			runOnlyForDeploymentPostprocessing = 0;
		};
		D75B59D4AE5C8A84C06106B1 /* Sources */ = {
			isa = PBXSourcesBuildPhase;
			buildActionMask = 2147483647;
			files = (
				8DCAF171AA58F288A1813403 /* WhimWatchApp.swift in Sources */,
				95C4B3C9893B94F3E89A60E3 /* WatchModel.swift in Sources */,
				50BA8F2E594DF44030E28FD8 /* WatchRootView.swift in Sources */,
				E58D1D7CB60AB524C4CB6184 /* WatchRecorderView.swift in Sources */,
				FD9CB3518EB97FFF3449648B /* WatchRecentNotesView.swift in Sources */,
				28DBD2344AC58DE887A9941A /* WatchNoteDetailView.swift in Sources */,
				5FE79E1CF503206737E61500 /* WebhookStatusView.swift in Sources */,
			);
			runOnlyForDeploymentPostprocessing = 0;
		};
		ECC4F294DC4F7F5C2BF25DBC /* Sources */ = {
			isa = PBXSourcesBuildPhase;
			buildActionMask = 2147483647;
			files = (
				F60B53E4DEDAF6369B054FA0 /* WatchModel.integration.test.swift in Sources */,
			);
			runOnlyForDeploymentPostprocessing = 0;
		};
/* End PBXSourcesBuildPhase section */

/* Begin PBXTargetDependency section */
		17427957FD384EB84734B70A /* PBXTargetDependency */ = {
			isa = PBXTargetDependency;
			name = WhimWatch;
			target = 6FE2CA72B8CB7CEE6161295C /* WhimWatch */;
			targetProxy = 7EEF325B37FCB27BE2559E12 /* PBXContainerItemProxy */;
		};
		5FA97F3FF924DF021418D641 /* PBXTargetDependency */ = {
			isa = PBXTargetDependency;
			name = WhimWatch;
			target = 6FE2CA72B8CB7CEE6161295C /* WhimWatch */;
			targetProxy = 4FEF236CB97EE1857F12FED4 /* PBXContainerItemProxy */;
		};
		7570BFDEB492AD4AA3B5509A /* PBXTargetDependency */ = {
			isa = PBXTargetDependency;
			name = WhimWatch;
			target = 6FE2CA72B8CB7CEE6161295C /* WhimWatch */;
			targetProxy = B8961DBF07BCD4A33E98C5B0 /* PBXContainerItemProxy */;
		};
/* End PBXTargetDependency section */

/* Begin XCBuildConfiguration section */
		13B07F941A680F5B00A75B9A /* Debug */ = {
			isa = XCBuildConfiguration;
			buildSettings = {
				ASSETCATALOG_COMPILER_APPICON_NAME = Whim;
				CLANG_ENABLE_MODULES = YES;
				CODE_SIGN_ENTITLEMENTS = whim/whim.entitlements;
				CODE_SIGN_STYLE = Automatic;
				CURRENT_PROJECT_VERSION = 1;
				DEVELOPMENT_TEAM = N896F4D4TA;
				ENABLE_BITCODE = NO;
				GCC_PREPROCESSOR_DEFINITIONS = (
					"$(inherited)",
					"FB_SONARKIT_ENABLED=1",
				);
				GENERATE_INFOPLIST_FILE = NO;
				INFOPLIST_FILE = whim/Info.plist;
				IPHONEOS_DEPLOYMENT_TARGET = 18.0;
				LD_RUNPATH_SEARCH_PATHS = (
					"$(inherited)",
					"@executable_path/Frameworks",
				);
				MACOSX_DEPLOYMENT_TARGET = 13.4;
				MARKETING_VERSION = 1.0;
				PRODUCT_BUNDLE_IDENTIFIER = app.whim.ios;
				PRODUCT_NAME = "$(TARGET_NAME)";
				SWIFT_OPTIMIZATION_LEVEL = "-Onone";
				SWIFT_VERSION = 6.0;
				TARGETED_DEVICE_FAMILY = 1;
				VERSIONING_SYSTEM = "apple-generic";
			};
			name = Debug;
		};
		13B07F951A680F5B00A75B9A /* Release */ = {
			isa = XCBuildConfiguration;
			buildSettings = {
				ASSETCATALOG_COMPILER_APPICON_NAME = Whim;
				CLANG_ENABLE_MODULES = YES;
				CODE_SIGN_ENTITLEMENTS = whim/whim.entitlements;
				CODE_SIGN_STYLE = Automatic;
				CURRENT_PROJECT_VERSION = 1;
				DEVELOPMENT_TEAM = N896F4D4TA;
				GENERATE_INFOPLIST_FILE = NO;
				INFOPLIST_FILE = whim/Info.plist;
				IPHONEOS_DEPLOYMENT_TARGET = 18.0;
				LD_RUNPATH_SEARCH_PATHS = (
					"$(inherited)",
					"@executable_path/Frameworks",
				);
				MACOSX_DEPLOYMENT_TARGET = 13.4;
				MARKETING_VERSION = 1.0;
				PRODUCT_BUNDLE_IDENTIFIER = app.whim.ios;
				PRODUCT_NAME = "$(TARGET_NAME)";
				SWIFT_VERSION = 6.0;
				TARGETED_DEVICE_FAMILY = 1;
				VERSIONING_SYSTEM = "apple-generic";
			};
			name = Release;
		};
		5AB108D3D59259189418D887 /* Debug */ = {
			isa = XCBuildConfiguration;
			buildSettings = {
				CODE_SIGN_ENTITLEMENTS = WhimWatch.entitlements;
				CODE_SIGN_STYLE = Automatic;
				DEVELOPMENT_TEAM = N896F4D4TA;
				GENERATE_INFOPLIST_FILE = YES;
				INFOPLIST_FILE = "WhimWatch-Info.plist";
				INFOPLIST_KEY_CFBundleDisplayName = Whim;
				INFOPLIST_KEY_NSMicrophoneUsageDescription = "Whim records voice Notes on your Apple Watch.";
				INFOPLIST_KEY_WKCompanionAppBundleIdentifier = app.whim.ios;
				OTHER_SWIFT_FLAGS = "$(inherited) -D EXPO_CONFIGURATION_DEBUG";
				PRODUCT_BUNDLE_IDENTIFIER = app.whim.ios.watchkitapp;
				PRODUCT_NAME = "$(TARGET_NAME)";
				SDKROOT = watchos;
				SKIP_INSTALL = YES;
				SWIFT_VERSION = 6.0;
				TARGETED_DEVICE_FAMILY = 4;
				WATCHOS_DEPLOYMENT_TARGET = 11.0;
			};
			name = Debug;
		};
		83CBBA201A601CBA00E9B192 /* Debug */ = {
			isa = XCBuildConfiguration;
			buildSettings = {
				ALWAYS_SEARCH_USER_PATHS = NO;
				CLANG_ANALYZER_LOCALIZABILITY_NONLOCALIZED = YES;
				CLANG_CXX_LANGUAGE_STANDARD = "c++20";
				CLANG_CXX_LIBRARY = "libc++";
				CLANG_ENABLE_MODULES = YES;
				CLANG_ENABLE_OBJC_ARC = YES;
				CLANG_WARN_BLOCK_CAPTURE_AUTORELEASING = YES;
				CLANG_WARN_BOOL_CONVERSION = YES;
				CLANG_WARN_COMMA = YES;
				CLANG_WARN_CONSTANT_CONVERSION = YES;
				CLANG_WARN_DEPRECATED_OBJC_IMPLEMENTATIONS = YES;
				CLANG_WARN_DIRECT_OBJC_ISA_USAGE = YES_ERROR;
				CLANG_WARN_EMPTY_BODY = YES;
				CLANG_WARN_ENUM_CONVERSION = YES;
				CLANG_WARN_INFINITE_RECURSION = YES;
				CLANG_WARN_INT_CONVERSION = YES;
				CLANG_WARN_NON_LITERAL_NULL_CONVERSION = YES;
				CLANG_WARN_OBJC_IMPLICIT_RETAIN_SELF = YES;
				CLANG_WARN_OBJC_LITERAL_CONVERSION = YES;
				CLANG_WARN_OBJC_ROOT_CLASS = YES_ERROR;
				CLANG_WARN_RANGE_LOOP_ANALYSIS = YES;
				CLANG_WARN_STRICT_PROTOTYPES = YES;
				CLANG_WARN_SUSPICIOUS_MOVE = YES;
				CLANG_WARN_UNREACHABLE_CODE = YES;
				CLANG_WARN__DUPLICATE_METHOD_MATCH = YES;
				"CODE_SIGN_IDENTITY[sdk=iphoneos*]" = "iPhone Developer";
				COPY_PHASE_STRIP = NO;
				ENABLE_STRICT_OBJC_MSGSEND = YES;
				ENABLE_TESTABILITY = YES;
				GCC_C_LANGUAGE_STANDARD = gnu99;
				GCC_DYNAMIC_NO_PIC = NO;
				GCC_NO_COMMON_BLOCKS = YES;
				GCC_OPTIMIZATION_LEVEL = 0;
				GCC_PREPROCESSOR_DEFINITIONS = (
					"DEBUG=1",
					"$(inherited)",
				);
				GCC_SYMBOLS_PRIVATE_EXTERN = NO;
				GCC_WARN_64_TO_32_BIT_CONVERSION = YES;
				GCC_WARN_ABOUT_RETURN_TYPE = YES_ERROR;
				GCC_WARN_UNDECLARED_SELECTOR = YES;
				GCC_WARN_UNINITIALIZED_AUTOS = YES_AGGRESSIVE;
				GCC_WARN_UNUSED_FUNCTION = YES;
				GCC_WARN_UNUSED_VARIABLE = YES;
				IPHONEOS_DEPLOYMENT_TARGET = 16.4;
				LD_RUNPATH_SEARCH_PATHS = (
					/usr/lib/swift,
					"$(inherited)",
				);
				LIBRARY_SEARCH_PATHS = "$(SDKROOT)/usr/lib/swift\"$(inherited)\"";
				MTL_ENABLE_DEBUG_INFO = YES;
				ONLY_ACTIVE_ARCH = YES;
				PODFILE_DIR = "$(SRCROOT)";
				SDKROOT = iphoneos;
				SWIFT_ACTIVE_COMPILATION_CONDITIONS = "$(inherited) DEBUG";
				SWIFT_ENABLE_EXPLICIT_MODULES = NO;
				USE_HERMES = true;
			};
			name = Debug;
		};
		83CBBA211A601CBA00E9B192 /* Release */ = {
			isa = XCBuildConfiguration;
			buildSettings = {
				ALWAYS_SEARCH_USER_PATHS = NO;
				CLANG_ANALYZER_LOCALIZABILITY_NONLOCALIZED = YES;
				CLANG_CXX_LANGUAGE_STANDARD = "c++20";
				CLANG_CXX_LIBRARY = "libc++";
				CLANG_ENABLE_MODULES = YES;
				CLANG_ENABLE_OBJC_ARC = YES;
				CLANG_WARN_BLOCK_CAPTURE_AUTORELEASING = YES;
				CLANG_WARN_BOOL_CONVERSION = YES;
				CLANG_WARN_COMMA = YES;
				CLANG_WARN_CONSTANT_CONVERSION = YES;
				CLANG_WARN_DEPRECATED_OBJC_IMPLEMENTATIONS = YES;
				CLANG_WARN_DIRECT_OBJC_ISA_USAGE = YES_ERROR;
				CLANG_WARN_EMPTY_BODY = YES;
				CLANG_WARN_ENUM_CONVERSION = YES;
				CLANG_WARN_INFINITE_RECURSION = YES;
				CLANG_WARN_INT_CONVERSION = YES;
				CLANG_WARN_NON_LITERAL_NULL_CONVERSION = YES;
				CLANG_WARN_OBJC_IMPLICIT_RETAIN_SELF = YES;
				CLANG_WARN_OBJC_LITERAL_CONVERSION = YES;
				CLANG_WARN_OBJC_ROOT_CLASS = YES_ERROR;
				CLANG_WARN_RANGE_LOOP_ANALYSIS = YES;
				CLANG_WARN_STRICT_PROTOTYPES = YES;
				CLANG_WARN_SUSPICIOUS_MOVE = YES;
				CLANG_WARN_UNREACHABLE_CODE = YES;
				CLANG_WARN__DUPLICATE_METHOD_MATCH = YES;
				"CODE_SIGN_IDENTITY[sdk=iphoneos*]" = "iPhone Developer";
				COPY_PHASE_STRIP = YES;
				ENABLE_NS_ASSERTIONS = NO;
				ENABLE_STRICT_OBJC_MSGSEND = YES;
				GCC_C_LANGUAGE_STANDARD = gnu99;
				GCC_NO_COMMON_BLOCKS = YES;
				GCC_WARN_64_TO_32_BIT_CONVERSION = YES;
				GCC_WARN_ABOUT_RETURN_TYPE = YES_ERROR;
				GCC_WARN_UNDECLARED_SELECTOR = YES;
				GCC_WARN_UNINITIALIZED_AUTOS = YES_AGGRESSIVE;
				GCC_WARN_UNUSED_FUNCTION = YES;
				GCC_WARN_UNUSED_VARIABLE = YES;
				IPHONEOS_DEPLOYMENT_TARGET = 16.4;
				LD_RUNPATH_SEARCH_PATHS = (
					/usr/lib/swift,
					"$(inherited)",
				);
				LIBRARY_SEARCH_PATHS = "$(SDKROOT)/usr/lib/swift\"$(inherited)\"";
				MTL_ENABLE_DEBUG_INFO = NO;
				PODFILE_DIR = "$(SRCROOT)";
				SDKROOT = iphoneos;
				SWIFT_ENABLE_EXPLICIT_MODULES = NO;
				USE_HERMES = true;
				VALIDATE_PRODUCT = YES;
			};
			name = Release;
		};
		8A8D848EA004AF76B267F852 /* Debug */ = {
			isa = XCBuildConfiguration;
			buildSettings = {
				BUNDLE_LOADER = "$(TEST_HOST)";
				CODE_SIGN_STYLE = Automatic;
				GENERATE_INFOPLIST_FILE = YES;
				OTHER_SWIFT_FLAGS = "$(inherited) -D EXPO_CONFIGURATION_DEBUG";
				PRODUCT_BUNDLE_IDENTIFIER = app.whim.ios.watchkitapp.tests;
				PRODUCT_NAME = "$(TARGET_NAME)";
				SDKROOT = watchos;
				SWIFT_VERSION = 6.0;
				TARGETED_DEVICE_FAMILY = 4;
				TEST_HOST = "$(BUILT_PRODUCTS_DIR)/WhimWatch.app/WhimWatch";
				TEST_TARGET_NAME = WhimWatch;
				WATCHOS_DEPLOYMENT_TARGET = 11.0;
			};
			name = Debug;
		};
		8B635747513DDB3322DC3152 /* Debug */ = {
			isa = XCBuildConfiguration;
			buildSettings = {
				CODE_SIGN_STYLE = Automatic;
				GENERATE_INFOPLIST_FILE = YES;
				OTHER_SWIFT_FLAGS = "$(inherited) -D EXPO_CONFIGURATION_DEBUG";
				PRODUCT_BUNDLE_IDENTIFIER = app.whim.ios.watchkitapp.uitests;
				PRODUCT_NAME = "$(TARGET_NAME)";
				SDKROOT = watchos;
				SWIFT_VERSION = 6.0;
				TARGETED_DEVICE_FAMILY = 4;
				TEST_TARGET_NAME = WhimWatch;
				WATCHOS_DEPLOYMENT_TARGET = 11.0;
			};
			name = Debug;
		};
		95218789E610EEC6B61F5399 /* Release */ = {
			isa = XCBuildConfiguration;
			buildSettings = {
				BUNDLE_LOADER = "$(TEST_HOST)";
				CODE_SIGN_STYLE = Automatic;
				GENERATE_INFOPLIST_FILE = YES;
				OTHER_SWIFT_FLAGS = "$(inherited) -D EXPO_CONFIGURATION_RELEASE";
				PRODUCT_BUNDLE_IDENTIFIER = app.whim.ios.watchkitapp.tests;
				PRODUCT_NAME = "$(TARGET_NAME)";
				SDKROOT = watchos;
				SWIFT_VERSION = 6.0;
				TARGETED_DEVICE_FAMILY = 4;
				TEST_HOST = "$(BUILT_PRODUCTS_DIR)/WhimWatch.app/WhimWatch";
				TEST_TARGET_NAME = WhimWatch;
				VALIDATE_PRODUCT = YES;
				WATCHOS_DEPLOYMENT_TARGET = 11.0;
			};
			name = Release;
		};
		A03A87A20E9BE950DA1A6E44 /* Release */ = {
			isa = XCBuildConfiguration;
			buildSettings = {
				CODE_SIGN_ENTITLEMENTS = WhimWatch.entitlements;
				CODE_SIGN_STYLE = Automatic;
				DEVELOPMENT_TEAM = N896F4D4TA;
				GENERATE_INFOPLIST_FILE = YES;
				INFOPLIST_FILE = "WhimWatch-Info.plist";
				INFOPLIST_KEY_CFBundleDisplayName = Whim;
				INFOPLIST_KEY_NSMicrophoneUsageDescription = "Whim records voice Notes on your Apple Watch.";
				INFOPLIST_KEY_WKCompanionAppBundleIdentifier = app.whim.ios;
				OTHER_SWIFT_FLAGS = "$(inherited) -D EXPO_CONFIGURATION_RELEASE";
				PRODUCT_BUNDLE_IDENTIFIER = app.whim.ios.watchkitapp;
				PRODUCT_NAME = "$(TARGET_NAME)";
				SDKROOT = watchos;
				SKIP_INSTALL = YES;
				SWIFT_VERSION = 6.0;
				TARGETED_DEVICE_FAMILY = 4;
				VALIDATE_PRODUCT = YES;
				WATCHOS_DEPLOYMENT_TARGET = 11.0;
			};
			name = Release;
		};
		CCA3E8B301EE9CC16C5198A3 /* Release */ = {
			isa = XCBuildConfiguration;
			buildSettings = {
				CODE_SIGN_STYLE = Automatic;
				GENERATE_INFOPLIST_FILE = YES;
				OTHER_SWIFT_FLAGS = "$(inherited) -D EXPO_CONFIGURATION_RELEASE";
				PRODUCT_BUNDLE_IDENTIFIER = app.whim.ios.watchkitapp.uitests;
				PRODUCT_NAME = "$(TARGET_NAME)";
				SDKROOT = watchos;
				SWIFT_VERSION = 6.0;
				TARGETED_DEVICE_FAMILY = 4;
				TEST_TARGET_NAME = WhimWatch;
				VALIDATE_PRODUCT = YES;
				WATCHOS_DEPLOYMENT_TARGET = 11.0;
			};
			name = Release;
		};
/* End XCBuildConfiguration section */

/* Begin XCConfigurationList section */
		13B07F931A680F5B00A75B9A /* Build configuration list for PBXNativeTarget "whim" */ = {
			isa = XCConfigurationList;
			buildConfigurations = (
				13B07F941A680F5B00A75B9A /* Debug */,
				13B07F951A680F5B00A75B9A /* Release */,
			);
			defaultConfigurationIsVisible = 0;
			defaultConfigurationName = Release;
		};
		26FF4F13DE05D8C8D1D50236 /* Build configuration list for PBXNativeTarget "WhimWatchUITests" */ = {
			isa = XCConfigurationList;
			buildConfigurations = (
				CCA3E8B301EE9CC16C5198A3 /* Release */,
				8B635747513DDB3322DC3152 /* Debug */,
			);
			defaultConfigurationIsVisible = 0;
			defaultConfigurationName = Release;
		};
		7993F06917633EF904DE2AC9 /* Build configuration list for PBXNativeTarget "WhimWatchTests" */ = {
			isa = XCConfigurationList;
			buildConfigurations = (
				95218789E610EEC6B61F5399 /* Release */,
				8A8D848EA004AF76B267F852 /* Debug */,
			);
			defaultConfigurationIsVisible = 0;
			defaultConfigurationName = Release;
		};
		83CBB9FA1A601CBA00E9B192 /* Build configuration list for PBXProject "whim" */ = {
			isa = XCConfigurationList;
			buildConfigurations = (
				83CBBA201A601CBA00E9B192 /* Debug */,
				83CBBA211A601CBA00E9B192 /* Release */,
			);
			defaultConfigurationIsVisible = 0;
			defaultConfigurationName = Release;
		};
		AB8709E329149267D7C412BD /* Build configuration list for PBXNativeTarget "WhimWatch" */ = {
			isa = XCConfigurationList;
			buildConfigurations = (
				A03A87A20E9BE950DA1A6E44 /* Release */,
				5AB108D3D59259189418D887 /* Debug */,
			);
			defaultConfigurationIsVisible = 0;
			defaultConfigurationName = Release;
		};
/* End XCConfigurationList section */

/* Begin XCLocalSwiftPackageReference section */
		65E159F373B2B699E6843778 /* XCLocalSwiftPackageReference ".." */ = {
			isa = XCLocalSwiftPackageReference;
			relativePath = ..;
		};
		B18728EED4585FB35DAD5404 /* XCLocalSwiftPackageReference "../packages/WhimCore" */ = {
			isa = XCLocalSwiftPackageReference;
			relativePath = ../packages/WhimCore;
		};
/* End XCLocalSwiftPackageReference section */

/* Begin XCSwiftPackageProductDependency section */
		4195615737AD9D45A625BE4C /* WhimCore */ = {
			isa = XCSwiftPackageProductDependency;
			package = B18728EED4585FB35DAD5404 /* XCLocalSwiftPackageReference "../packages/WhimCore" */;
			productName = WhimCore;
		};
		6FBE938CC68C61BFEEB4612F /* WhimIPhone */ = {
			isa = XCSwiftPackageProductDependency;
			package = 65E159F373B2B699E6843778 /* XCLocalSwiftPackageReference ".." */;
			productName = WhimIPhone;
		};
		7D6ECB88619BE4362A0E9A7D /* WhimCore */ = {
			isa = XCSwiftPackageProductDependency;
			package = B18728EED4585FB35DAD5404 /* XCLocalSwiftPackageReference "../packages/WhimCore" */;
			productName = WhimCore;
		};
/* End XCSwiftPackageProductDependency section */
	};
	rootObject = 83CBB9F71A601CBA00E9B192 /* Project object */;
}
